
Microsoft Visual Studio Solution File, Format Version 12.00
# Visual Studio 14
VisualStudioVersion = 14.0.25420.1
MinimumVisualStudioVersion = 10.0.40219.1
Project("{8BC9CEB8-8B4A-11D0-8D11-00A0C91BC942}") = "flow_graph", "flow_graph\flow_graph.vcxproj", "{BBD6BE3D-3959-4B57-8D52-92833C56144A}"
EndProject
Project("{8BC9CEB8-8B4A-11D0-8D11-00A0C91BC942}") = "opencl-2d-conv", "opencl-2d-conv\opencl-2d-conv.vcxproj", "{D9CD30ED-54DE-413B-AEBB-0AB81C8A71AE}"
EndProject
Project("{8BC9CEB8-8B4A-11D0-8D11-00A0C91BC942}") = "opencl-scan", "opencl-scan\opencl-scan.vcxproj", "{2CEAD0D7-7553-4DF6-8121-6D2E8468C771}"
EndProject
Global
	GlobalSection(SolutionConfigurationPlatforms) = preSolution
		Debug|x64 = Debug|x64
		Debug|x86 = Debug|x86
		Release|x64 = Release|x64
		Release|x86 = Release|x86
	EndGlobalSection
	GlobalSection(ProjectConfigurationPlatforms) = postSolution
		{BBD6BE3D-3959-4B57-8D52-92833C56144A}.Debug|x64.ActiveCfg = Debug|x64
		{BBD6BE3D-3959-4B57-8D52-92833C56144A}.Debug|x64.Build.0 = Debug|x64
		{BBD6BE3D-3959-4B57-8D52-92833C56144A}.Debug|x86.ActiveCfg = Debug|Win32
		{BBD6BE3D-3959-4B57-8D52-92833C56144A}.Debug|x86.Build.0 = Debug|Win32
		{BBD6BE3D-3959-4B57-8D52-92833C56144A}.Release|x64.ActiveCfg = Release|x64
		{BBD6BE3D-3959-4B57-8D52-92833C56144A}.Release|x64.Build.0 = Release|x64
		{BBD6BE3D-3959-4B57-8D52-92833C56144A}.Release|x86.ActiveCfg = Release|Win32
		{BBD6BE3D-3959-4B57-8D52-92833C56144A}.Release|x86.Build.0 = Release|Win32
		{D9CD30ED-54DE-413B-AEBB-0AB81C8A71AE}.Debug|x64.ActiveCfg = Debug|x64
		{D9CD30ED-54DE-413B-AEBB-0AB81C8A71AE}.Debug|x64.Build.0 = Debug|x64
		{D9CD30ED-54DE-413B-AEBB-0AB81C8A71AE}.Debug|x86.ActiveCfg = Debug|Win32
		{D9CD30ED-54DE-413B-AEBB-0AB81C8A71AE}.Debug|x86.Build.0 = Debug|Win32
		{D9CD30ED-54DE-413B-AEBB-0AB81C8A71AE}.Release|x64.ActiveCfg = Release|x64
		{D9CD30ED-54DE-413B-AEBB-0AB81C8A71AE}.Release|x64.Build.0 = Release|x64
		{D9CD30ED-54DE-413B-AEBB-0AB81C8A71AE}.Release|x86.ActiveCfg = Release|Win32
		{D9CD30ED-54DE-413B-AEBB-0AB81C8A71AE}.Release|x86.Build.0 = Release|Win32
		{2CEAD0D7-7553-4DF6-8121-6D2E8468C771}.Debug|x64.ActiveCfg = Debug|x64
		{2CEAD0D7-7553-4DF6-8121-6D2E8468C771}.Debug|x64.Build.0 = Debug|x64
		{2CEAD0D7-7553-4DF6-8121-6D2E8468C771}.Debug|x86.ActiveCfg = Debug|Win32
		{2CEAD0D7-7553-4DF6-8121-6D2E8468C771}.Debug|x86.Build.0 = Debug|Win32
		{2CEAD0D7-7553-4DF6-8121-6D2E8468C771}.Release|x64.ActiveCfg = Release|x64
		{2CEAD0D7-7553-4DF6-8121-6D2E8468C771}.Release|x64.Build.0 = Release|x64
		{2CEAD0D7-7553-4DF6-8121-6D2E8468C771}.Release|x86.ActiveCfg = Release|Win32
		{2CEAD0D7-7553-4DF6-8121-6D2E8468C771}.Release|x86.Build.0 = Release|Win32
	EndGlobalSection
	GlobalSection(SolutionProperties) = preSolution
		HideSolutionNode = FALSE
	EndGlobalSection
EndGlobal
